
Microsoft Visual Studio Solution File, Format Version 12.00
# Visual Studio Version 16
VisualStudioVersion = 16.0.30114.105
MinimumVisualStudioVersion = 10.0.40219.1
Project("{FAE04EC0-301F-11D3-BF4B-00C04F79EFBC}") = "Application", "Application\Application.csproj", "{EFEEF75E-25B3-402A-90EB-956E47371540}"
EndProject
Project("{FAE04EC0-301F-11D3-BF4B-00C04F79EFBC}") = "Infrastructure", "Infrastructure\Infrastructure.csproj", "{6EC7E053-98E2-46D3-B406-E38D24014788}"
EndProject
Project("{FAE04EC0-301F-11D3-BF4B-00C04F79EFBC}") = "Shared", "Shared\Shared.csproj", "{BA0C2CDB-39BA-498A-B904-55F0422961B6}"
EndProject
Project("{FAE04EC0-301F-11D3-BF4B-00C04F79EFBC}") = "API", "API\API.csproj", "{148A484F-A153-4E83-8A71-C8122D2FCCE2}"
EndProject
Project("{FAE04EC0-301F-11D3-BF4B-00C04F79EFBC}") = "Domain", "Domain\Domain.csproj", "{7AB76ABC-8585-4027-AE93-2177348991B7}"
EndProject
Global
	GlobalSection(SolutionConfigurationPlatforms) = preSolution
		Debug|Any CPU = Debug|Any CPU
		Release|Any CPU = Release|Any CPU
	EndGlobalSection
	GlobalSection(SolutionProperties) = preSolution
		HideSolutionNode = FALSE
	EndGlobalSection
	GlobalSection(ProjectConfigurationPlatforms) = postSolution
		{EFEEF75E-25B3-402A-90EB-956E47371540}.Debug|Any CPU.ActiveCfg = Debug|Any CPU
		{EFEEF75E-25B3-402A-90EB-956E47371540}.Debug|Any CPU.Build.0 = Debug|Any CPU
		{EFEEF75E-25B3-402A-90EB-956E47371540}.Release|Any CPU.ActiveCfg = Release|Any CPU
		{EFEEF75E-25B3-402A-90EB-956E47371540}.Release|Any CPU.Build.0 = Release|Any CPU
		{6EC7E053-98E2-46D3-B406-E38D24014788}.Debug|Any CPU.ActiveCfg = Debug|Any CPU
		{6EC7E053-98E2-46D3-B406-E38D24014788}.Debug|Any CPU.Build.0 = Debug|Any CPU
		{6EC7E053-98E2-46D3-B406-E38D24014788}.Release|Any CPU.ActiveCfg = Release|Any CPU
		{6EC7E053-98E2-46D3-B406-E38D24014788}.Release|Any CPU.Build.0 = Release|Any CPU
		{BA0C2CDB-39BA-498A-B904-55F0422961B6}.Debug|Any CPU.ActiveCfg = Debug|Any CPU
		{BA0C2CDB-39BA-498A-B904-55F0422961B6}.Debug|Any CPU.Build.0 = Debug|Any CPU
		{BA0C2CDB-39BA-498A-B904-55F0422961B6}.Release|Any CPU.ActiveCfg = Release|Any CPU
		{BA0C2CDB-39BA-498A-B904-55F0422961B6}.Release|Any CPU.Build.0 = Release|Any CPU
		{148A484F-A153-4E83-8A71-C8122D2FCCE2}.Debug|Any CPU.ActiveCfg = Debug|Any CPU
		{148A484F-A153-4E83-8A71-C8122D2FCCE2}.Debug|Any CPU.Build.0 = Debug|Any CPU
		{148A484F-A153-4E83-8A71-C8122D2FCCE2}.Release|Any CPU.ActiveCfg = Release|Any CPU
		{148A484F-A153-4E83-8A71-C8122D2FCCE2}.Release|Any CPU.Build.0 = Release|Any CPU
		{7AB76ABC-8585-4027-AE93-2177348991B7}.Debug|Any CPU.ActiveCfg = Debug|Any CPU
		{7AB76ABC-8585-4027-AE93-2177348991B7}.Debug|Any CPU.Build.0 = Debug|Any CPU
		{7AB76ABC-8585-4027-AE93-2177348991B7}.Release|Any CPU.ActiveCfg = Release|Any CPU
		{7AB76ABC-8585-4027-AE93-2177348991B7}.Release|Any CPU.Build.0 = Release|Any CPU
	EndGlobalSection
EndGlobal
